// !$*UTF8*$!
{
	archiveVersion = 1;
	classes = {
	};
	objectVersion = 46;
	objects = {

/* Begin PBXFileReference section */
		A01C0B5214911EAF004DC338 /* energy_vs_kinematics.html */ = {isa = PBXFileReference; lastKnownFileType = text.html; name = energy_vs_kinematics.html; path = ../html/energy_vs_kinematics.html; sourceTree = "<group>"; };
		A01ED4EE14B48E3400D3C95C /* strip_distance.C */ = {isa = PBXFileReference; lastKnownFileType = sourcecode.cpp.cpp; path = strip_distance.C; sourceTree = "<group>"; };
		A0394B641482FC6D00BF29BE /* rates.html */ = {isa = PBXFileReference; lastKnownFileType = text.html; name = rates.html; path = ../html/rates.html; sourceTree = "<group>"; };
		A0394B66148307DA00BF29BE /* events.html */ = {isa = PBXFileReference; lastKnownFileType = text.html; name = events.html; path = ../html/events.html; sourceTree = "<group>"; };
		A0394B671483082000BF29BE /* all_rates.html */ = {isa = PBXFileReference; lastKnownFileType = text.html; name = all_rates.html; path = ../html/all_rates.html; sourceTree = "<group>"; };
		A0394B68148308BF00BF29BE /* all_events.html */ = {isa = PBXFileReference; lastKnownFileType = text.html; name = all_events.html; path = ../html/all_events.html; sourceTree = "<group>"; };
		A03F40EF1444DBAD00C5E4E9 /* utils.C */ = {isa = PBXFileReference; lastKnownFileType = sourcecode.cpp.cpp; name = utils.C; path = ../utils.C; sourceTree = "<group>"; };
		A03F40F11444DBAD00C5E4E9 /* show_BST_rates.C */ = {isa = PBXFileReference; lastKnownFileType = sourcecode.cpp.cpp; name = show_BST_rates.C; path = ../show_BST_rates.C; sourceTree = "<group>"; };
		A03F40F21444DBAD00C5E4E9 /* rates.C */ = {isa = PBXFileReference; lastKnownFileType = sourcecode.cpp.cpp; name = rates.C; path = ../rates.C; sourceTree = "<group>"; };
		A03F40F31444DBAD00C5E4E9 /* ProtonsMinMaxMeanDam.txt */ = {isa = PBXFileReference; lastKnownFileType = text; name = ProtonsMinMaxMeanDam.txt; path = ../ProtonsMinMaxMeanDam.txt; sourceTree = "<group>"; };
		A03F40F41444DBAD00C5E4E9 /* PionsMinMaxMeanDam.txt */ = {isa = PBXFileReference; lastKnownFileType = text; name = PionsMinMaxMeanDam.txt; path = ../PionsMinMaxMeanDam.txt; sourceTree = "<group>"; };
		A03F40F51444DBAD00C5E4E9 /* NeutronMinMaxMean.txt */ = {isa = PBXFileReference; lastKnownFileType = text; name = NeutronMinMaxMean.txt; path = ../NeutronMinMaxMean.txt; sourceTree = "<group>"; };
		A03F40F61444DBAD00C5E4E9 /* ElectronsMinMaxMeanDam.txt */ = {isa = PBXFileReference; lastKnownFileType = text; name = ElectronsMinMaxMeanDam.txt; path = ../ElectronsMinMaxMeanDam.txt; sourceTree = "<group>"; };
		A03F40F71444DBAD00C5E4E9 /* bst_rates.C */ = {isa = PBXFileReference; lastKnownFileType = sourcecode.cpp.cpp; name = bst_rates.C; path = ../bst_rates.C; sourceTree = "<group>"; };
		A03F40F81445CE2E00C5E4E9 /* yz.C */ = {isa = PBXFileReference; lastKnownFileType = sourcecode.cpp.cpp; name = yz.C; path = ../yz.C; sourceTree = "<group>"; };
		A0635826149AE26900B7D0D4 /* longi.html */ = {isa = PBXFileReference; lastKnownFileType = text.html; name = longi.html; path = ../html/longi.html; sourceTree = "<group>"; };
		A0877B8714A22BCA004A6BE2 /* correlations.html */ = {isa = PBXFileReference; lastKnownFileType = text.html; name = correlations.html; path = ../html/correlations.html; sourceTree = "<group>"; };
		A088A5FF1496A60300F1CA56 /* display.html */ = {isa = PBXFileReference; lastKnownFileType = text.html; name = display.html; path = ../html/display.html; sourceTree = "<group>"; };
		A0A43B02149F9A7C0015ACE5 /* correlation_util.C */ = {isa = PBXFileReference; lastKnownFileType = sourcecode.cpp.cpp; path = correlation_util.C; sourceTree = "<group>"; };
		A0A43B03149F9A7C0015ACE5 /* correlations.C */ = {isa = PBXFileReference; lastKnownFileType = sourcecode.cpp.cpp; path = correlations.C; sourceTree = "<group>"; };
		A0CC32B6148EADC30010F099 /* make_edep_histos.C */ = {isa = PBXFileReference; lastKnownFileType = sourcecode.cpp.cpp; path = make_edep_histos.C; sourceTree = "<group>"; };
		A0CC32B7148EADC30010F099 /* purity.C */ = {isa = PBXFileReference; lastKnownFileType = sourcecode.cpp.cpp; path = purity.C; sourceTree = "<group>"; };
		A0CC32B9148EAE390010F099 /* eloss.C */ = {isa = PBXFileReference; lastKnownFileType = sourcecode.cpp.cpp; path = eloss.C; sourceTree = "<group>"; };
		A0CC32BB148EAE390010F099 /* event_utils.C */ = {isa = PBXFileReference; lastKnownFileType = sourcecode.cpp.cpp; path = event_utils.C; sourceTree = "<group>"; };
		A0CC32BC148EAE390010F099 /* events.C */ = {isa = PBXFileReference; lastKnownFileType = sourcecode.cpp.cpp; path = events.C; sourceTree = "<group>"; };
		A0CC32BD148EB1D70010F099 /* rej_factor.html */ = {isa = PBXFileReference; lastKnownFileType = text.html; name = rej_factor.html; path = ../html/rej_factor.html; sourceTree = "<group>"; };
		A0CC32BE148EB2060010F099 /* go_copy */ = {isa = PBXFileReference; lastKnownFileType = text; name = go_copy; path = ../html/go_copy; sourceTree = "<group>"; };
		A0CC32BF148EBE6A0010F099 /* edep.C */ = {isa = PBXFileReference; lastKnownFileType = sourcecode.cpp.cpp; path = edep.C; sourceTree = "<group>"; };
/* End PBXFileReference section */

/* Begin PBXGroup section */
		A03F40E61444DB9D00C5E4E9 = {
			isa = PBXGroup;
			children = (
				A0A43B01149F9A7C0015ACE5 /* correlations */,
				A0CC32B8148EAE390010F099 /* energy */,
				A0CC32BA148EAE390010F099 /* event */,
				A0CC32B5148EADC30010F099 /* purity */,
				A060C4F31483BE7F009D8936 /* html */,
				A03F40F11444DBAD00C5E4E9 /* show_BST_rates.C */,
				A03F40F31444DBAD00C5E4E9 /* ProtonsMinMaxMeanDam.txt */,
				A03F40F41444DBAD00C5E4E9 /* PionsMinMaxMeanDam.txt */,
				A03F40F51444DBAD00C5E4E9 /* NeutronMinMaxMean.txt */,
				A03F40F61444DBAD00C5E4E9 /* ElectronsMinMaxMeanDam.txt */,
				A03F40F71444DBAD00C5E4E9 /* bst_rates.C */,
				A03F40EF1444DBAD00C5E4E9 /* utils.C */,
				A03F40F21444DBAD00C5E4E9 /* rates.C */,
				A03F40F81445CE2E00C5E4E9 /* yz.C */,
			);
			sourceTree = "<group>";
		};
		A060C4F31483BE7F009D8936 /* html */ = {
			isa = PBXGroup;
			children = (
				A0877B8714A22BCA004A6BE2 /* correlations.html */,
				A0635826149AE26900B7D0D4 /* longi.html */,
				A088A5FF1496A60300F1CA56 /* display.html */,
				A01C0B5214911EAF004DC338 /* energy_vs_kinematics.html */,
				A0CC32BE148EB2060010F099 /* go_copy */,
				A0CC32BD148EB1D70010F099 /* rej_factor.html */,
				A0394B68148308BF00BF29BE /* all_events.html */,
				A0394B671483082000BF29BE /* all_rates.html */,
				A0394B66148307DA00BF29BE /* events.html */,
				A0394B641482FC6D00BF29BE /* rates.html */,
			);
			name = html;
			sourceTree = "<group>";
		};
		A0A43B01149F9A7C0015ACE5 /* correlations */ = {
			isa = PBXGroup;
			children = (
				A01ED4EE14B48E3400D3C95C /* strip_distance.C */,
				A0A43B02149F9A7C0015ACE5 /* correlation_util.C */,
				A0A43B03149F9A7C0015ACE5 /* correlations.C */,
			);
			name = correlations;
			path = ../correlations;
			sourceTree = "<group>";
		};
		A0CC32B5148EADC30010F099 /* purity */ = {
			isa = PBXGroup;
			children = (
				A0CC32B6148EADC30010F099 /* make_edep_histos.C */,
				A0CC32B7148EADC30010F099 /* purity.C */,
			);
			name = purity;
			path = ../purity;
			sourceTree = "<group>";
		};
		A0CC32B8148EAE390010F099 /* energy */ = {
			isa = PBXGroup;
			children = (
				A0CC32BF148EBE6A0010F099 /* edep.C */,
				A0CC32B9148EAE390010F099 /* eloss.C */,
			);
			name = energy;
			path = ../energy;
			sourceTree = "<group>";
		};
		A0CC32BA148EAE390010F099 /* event */ = {
			isa = PBXGroup;
			children = (
				A0CC32BB148EAE390010F099 /* event_utils.C */,
				A0CC32BC148EAE390010F099 /* events.C */,
			);
			name = event;
			path = ../event;
			sourceTree = "<group>";
		};
/* End PBXGroup section */

/* Begin PBXProject section */
		A03F40E81444DB9D00C5E4E9 /* Project object */ = {
			isa = PBXProject;
			attributes = {
				LastUpgradeCheck = 0420;
				ORGANIZATIONNAME = mybacini;
			};
			buildConfigurationList = A03F40EB1444DB9D00C5E4E9 /* Build configuration list for PBXProject "bst_rates" */;
			compatibilityVersion = "Xcode 3.2";
			developmentRegion = English;
			hasScannedForEncodings = 0;
			knownRegions = (
				en,
			);
			mainGroup = A03F40E61444DB9D00C5E4E9;
			projectDirPath = "";
			projectRoot = "";
			targets = (
			);
		};
/* End PBXProject section */

/* Begin XCBuildConfiguration section */
		A03F40ED1444DB9D00C5E4E9 /* Debug */ = {
			isa = XCBuildConfiguration;
			buildSettings = {
			};
			name = Debug;
		};
		A03F40EE1444DB9D00C5E4E9 /* Release */ = {
			isa = XCBuildConfiguration;
			buildSettings = {
			};
			name = Release;
		};
/* End XCBuildConfiguration section */

/* Begin XCConfigurationList section */
		A03F40EB1444DB9D00C5E4E9 /* Build configuration list for PBXProject "bst_rates" */ = {
			isa = XCConfigurationList;
			buildConfigurations = (
				A03F40ED1444DB9D00C5E4E9 /* Debug */,
				A03F40EE1444DB9D00C5E4E9 /* Release */,
			);
			defaultConfigurationIsVisible = 0;
			defaultConfigurationName = Release;
		};
/* End XCConfigurationList section */
	};
	rootObject = A03F40E81444DB9D00C5E4E9 /* Project object */;
}
